
Microsoft Visual Studio Solution File, Format Version 12.00
# Visual Studio Version 16
VisualStudioVersion = 16.0.31129.286
MinimumVisualStudioVersion = 10.0.40219.1
Project("{FAE04EC0-301F-11D3-BF4B-00C04F79EFBC}") = "Selles. DB", "Selles. DB\Selles. DB.csproj", "{1BFAC003-514A-4CDB-A663-6CBC2FDA9490}"
EndProject
Global
	GlobalSection(SolutionConfigurationPlatforms) = preSolution
		Debug|Any CPU = Debug|Any CPU
		Release|Any CPU = Release|Any CPU
	EndGlobalSection
	GlobalSection(ProjectConfigurationPlatforms) = postSolution
		{1BFAC003-514A-4CDB-A663-6CBC2FDA9490}.Debug|Any CPU.ActiveCfg = Debug|Any CPU
		{1BFAC003-514A-4CDB-A663-6CBC2FDA9490}.Debug|Any CPU.Build.0 = Debug|Any CPU
		{1BFAC003-514A-4CDB-A663-6CBC2FDA9490}.Release|Any CPU.ActiveCfg = Release|Any CPU
		{1BFAC003-514A-4CDB-A663-6CBC2FDA9490}.Release|Any CPU.Build.0 = Release|Any CPU
	EndGlobalSection
	GlobalSection(SolutionProperties) = preSolution
		HideSolutionNode = FALSE
	EndGlobalSection
	GlobalSection(ExtensibilityGlobals) = postSolution
		SolutionGuid = {4A2F0742-0977-4D16-A435-94D0057A383A}
	EndGlobalSection
EndGlobal
