
Microsoft Visual Studio Solution File, Format Version 12.00
# Visual Studio Version 16
VisualStudioVersion = 16.0.31019.35
MinimumVisualStudioVersion = 10.0.40219.1
Project("{FAE04EC0-301F-11D3-BF4B-00C04F79EFBC}") = "Boxing. Unboxing", "Boxing. Unboxing\Boxing. Unboxing.csproj", "{A03AB10F-2BCB-403F-9E3C-50699E6CDD8F}"
EndProject
Global
	GlobalSection(SolutionConfigurationPlatforms) = preSolution
		Debug|Any CPU = Debug|Any CPU
		Release|Any CPU = Release|Any CPU
	EndGlobalSection
	GlobalSection(ProjectConfigurationPlatforms) = postSolution
		{A03AB10F-2BCB-403F-9E3C-50699E6CDD8F}.Debug|Any CPU.ActiveCfg = Debug|Any CPU
		{A03AB10F-2BCB-403F-9E3C-50699E6CDD8F}.Debug|Any CPU.Build.0 = Debug|Any CPU
		{A03AB10F-2BCB-403F-9E3C-50699E6CDD8F}.Release|Any CPU.ActiveCfg = Release|Any CPU
		{A03AB10F-2BCB-403F-9E3C-50699E6CDD8F}.Release|Any CPU.Build.0 = Release|Any CPU
	EndGlobalSection
	GlobalSection(SolutionProperties) = preSolution
		HideSolutionNode = FALSE
	EndGlobalSection
	GlobalSection(ExtensibilityGlobals) = postSolution
		SolutionGuid = {94D93F69-8F9B-4679-9427-C8EDC5475B93}
	EndGlobalSection
EndGlobal
