
Microsoft Visual Studio Solution File, Format Version 12.00
# Visual Studio Version 16
VisualStudioVersion = 16.0.31019.35
MinimumVisualStudioVersion = 10.0.40219.1
Project("{FAE04EC0-301F-11D3-BF4B-00C04F79EFBC}") = "EventHandler demo", "EventHandler demo\EventHandler demo.csproj", "{F825B9D8-E0B5-41CF-B5B3-2D6E51CE7EA6}"
EndProject
Project("{FAE04EC0-301F-11D3-BF4B-00C04F79EFBC}") = "Animal", "Animal\Animal.csproj", "{72820DC3-6D5E-4C6D-9176-2996163FBF4F}"
EndProject
Project("{FAE04EC0-301F-11D3-BF4B-00C04F79EFBC}") = "Generic Methods", "Generic Methods\Generic Methods.csproj", "{1A19F091-E6D8-4A15-8E4C-3F90EF299CB7}"
EndProject
Global
	GlobalSection(SolutionConfigurationPlatforms) = preSolution
		Debug|Any CPU = Debug|Any CPU
		Release|Any CPU = Release|Any CPU
	EndGlobalSection
	GlobalSection(ProjectConfigurationPlatforms) = postSolution
		{F825B9D8-E0B5-41CF-B5B3-2D6E51CE7EA6}.Debug|Any CPU.ActiveCfg = Debug|Any CPU
		{F825B9D8-E0B5-41CF-B5B3-2D6E51CE7EA6}.Debug|Any CPU.Build.0 = Debug|Any CPU
		{F825B9D8-E0B5-41CF-B5B3-2D6E51CE7EA6}.Release|Any CPU.ActiveCfg = Release|Any CPU
		{F825B9D8-E0B5-41CF-B5B3-2D6E51CE7EA6}.Release|Any CPU.Build.0 = Release|Any CPU
		{72820DC3-6D5E-4C6D-9176-2996163FBF4F}.Debug|Any CPU.ActiveCfg = Debug|Any CPU
		{72820DC3-6D5E-4C6D-9176-2996163FBF4F}.Debug|Any CPU.Build.0 = Debug|Any CPU
		{72820DC3-6D5E-4C6D-9176-2996163FBF4F}.Release|Any CPU.ActiveCfg = Release|Any CPU
		{72820DC3-6D5E-4C6D-9176-2996163FBF4F}.Release|Any CPU.Build.0 = Release|Any CPU
		{1A19F091-E6D8-4A15-8E4C-3F90EF299CB7}.Debug|Any CPU.ActiveCfg = Debug|Any CPU
		{1A19F091-E6D8-4A15-8E4C-3F90EF299CB7}.Debug|Any CPU.Build.0 = Debug|Any CPU
		{1A19F091-E6D8-4A15-8E4C-3F90EF299CB7}.Release|Any CPU.ActiveCfg = Release|Any CPU
		{1A19F091-E6D8-4A15-8E4C-3F90EF299CB7}.Release|Any CPU.Build.0 = Release|Any CPU
	EndGlobalSection
	GlobalSection(SolutionProperties) = preSolution
		HideSolutionNode = FALSE
	EndGlobalSection
	GlobalSection(ExtensibilityGlobals) = postSolution
		SolutionGuid = {AB5FED4F-53E9-4EBC-8594-56CD475EA59A}
	EndGlobalSection
EndGlobal
