
Microsoft Visual Studio Solution File, Format Version 12.00
# Visual Studio Version 16
VisualStudioVersion = 16.0.31424.327
MinimumVisualStudioVersion = 10.0.40219.1
Project("{FAE04EC0-301F-11D3-BF4B-00C04F79EFBC}") = "EntityFramework", "EntityFramework\EntityFramework.csproj", "{EFEF25F7-6206-47E1-A217-9E47A8CA6360}"
EndProject
Global
	GlobalSection(SolutionConfigurationPlatforms) = preSolution
		Debug|Any CPU = Debug|Any CPU
		Release|Any CPU = Release|Any CPU
	EndGlobalSection
	GlobalSection(ProjectConfigurationPlatforms) = postSolution
		{EFEF25F7-6206-47E1-A217-9E47A8CA6360}.Debug|Any CPU.ActiveCfg = Debug|Any CPU
		{EFEF25F7-6206-47E1-A217-9E47A8CA6360}.Debug|Any CPU.Build.0 = Debug|Any CPU
		{EFEF25F7-6206-47E1-A217-9E47A8CA6360}.Release|Any CPU.ActiveCfg = Release|Any CPU
		{EFEF25F7-6206-47E1-A217-9E47A8CA6360}.Release|Any CPU.Build.0 = Release|Any CPU
	EndGlobalSection
	GlobalSection(SolutionProperties) = preSolution
		HideSolutionNode = FALSE
	EndGlobalSection
	GlobalSection(ExtensibilityGlobals) = postSolution
		SolutionGuid = {622F21F8-BF45-4FF0-9136-954C83A0DDAF}
	EndGlobalSection
EndGlobal
