
Microsoft Visual Studio Solution File, Format Version 12.00
# Visual Studio Version 17
VisualStudioVersion = 17.4.33403.182
MinimumVisualStudioVersion = 10.0.40219.1
Project("{888888A0-9F3D-457C-B088-3A5042F75D52}") = "Lab 2. OPAM. Python", "Lab 2. OPAM. Python\Lab 2. OPAM. Python.pyproj", "{35D1F1F3-EB94-4DC5-A5E8-A2A6BC97E71D}"
EndProject
Global
	GlobalSection(SolutionConfigurationPlatforms) = preSolution
		Debug|Any CPU = Debug|Any CPU
		Release|Any CPU = Release|Any CPU
	EndGlobalSection
	GlobalSection(ProjectConfigurationPlatforms) = postSolution
		{35D1F1F3-EB94-4DC5-A5E8-A2A6BC97E71D}.Debug|Any CPU.ActiveCfg = Debug|Any CPU
		{35D1F1F3-EB94-4DC5-A5E8-A2A6BC97E71D}.Release|Any CPU.ActiveCfg = Release|Any CPU
	EndGlobalSection
	GlobalSection(SolutionProperties) = preSolution
		HideSolutionNode = FALSE
	EndGlobalSection
	GlobalSection(ExtensibilityGlobals) = postSolution
		SolutionGuid = {3BA8B3B1-30DC-4F64-ACD2-D4CDC705E2A7}
	EndGlobalSection
EndGlobal
